
Microsoft Visual Studio Solution File, Format Version 12.00
# Visual Studio Version 16
VisualStudioVersion = 16.0.30523.141
MinimumVisualStudioVersion = 10.0.40219.1
Project("{FAE04EC0-301F-11D3-BF4B-00C04F79EFBC}") = "JwtToken", "JwtToken\JwtToken.csproj", "{882328E2-878F-4E70-B336-7A3D1BDFE79A}"
EndProject
Global
	GlobalSection(SolutionConfigurationPlatforms) = preSolution
		Debug|Any CPU = Debug|Any CPU
		Release|Any CPU = Release|Any CPU
	EndGlobalSection
	GlobalSection(ProjectConfigurationPlatforms) = postSolution
		{882328E2-878F-4E70-B336-7A3D1BDFE79A}.Debug|Any CPU.ActiveCfg = Debug|Any CPU
		{882328E2-878F-4E70-B336-7A3D1BDFE79A}.Debug|Any CPU.Build.0 = Debug|Any CPU
		{882328E2-878F-4E70-B336-7A3D1BDFE79A}.Release|Any CPU.ActiveCfg = Release|Any CPU
		{882328E2-878F-4E70-B336-7A3D1BDFE79A}.Release|Any CPU.Build.0 = Release|Any CPU
	EndGlobalSection
	GlobalSection(SolutionProperties) = preSolution
		HideSolutionNode = FALSE
	EndGlobalSection
	GlobalSection(ExtensibilityGlobals) = postSolution
		SolutionGuid = {B886A7DE-06C2-4644-99C6-60255D673EC4}
	EndGlobalSection
EndGlobal
